// !$*UTF8*$!
{
	archiveVersion = 1;
	classes = {
	};
	objectVersion = 48;
	objects = {

/* Begin PBXBuildFile section */
		7A4EC2AF2040356900BBA338 /* AppDelegate.swift in Sources */ = {isa = PBXBuildFile; fileRef = 7A4EC2AE2040356900BBA338 /* AppDelegate.swift */; };
		7A4EC2B12040356900BBA338 /* ViewController.swift in Sources */ = {isa = PBXBuildFile; fileRef = 7A4EC2B02040356900BBA338 /* ViewController.swift */; };
		7A4EC2B42040356900BBA338 /* Main.storyboard in Resources */ = {isa = PBXBuildFile; fileRef = 7A4EC2B22040356900BBA338 /* Main.storyboard */; };
		7A4EC2B62040356900BBA338 /* Assets.xcassets in Resources */ = {isa = PBXBuildFile; fileRef = 7A4EC2B52040356900BBA338 /* Assets.xcassets */; };
		7A4EC2B92040356900BBA338 /* LaunchScreen.storyboard in Resources */ = {isa = PBXBuildFile; fileRef = 7A4EC2B72040356900BBA338 /* LaunchScreen.storyboard */; };
		7A4EC2C220403C4300BBA338 /* BackgroundView.swift in Sources */ = {isa = PBXBuildFile; fileRef = 7A4EC2C120403C4300BBA338 /* BackgroundView.swift */; };
		7A4EC2C420404ABF00BBA338 /* EmojiDocumentsTableViewController.swift in Sources */ = {isa = PBXBuildFile; fileRef = 7A4EC2C320404ABF00BBA338 /* EmojiDocumentsTableViewController.swift */; };
		7A4EC2C82043EDF200BBA338 /* DynamicCollectionViewCell.swift in Sources */ = {isa = PBXBuildFile; fileRef = 7A4EC2C72043EDF200BBA338 /* DynamicCollectionViewCell.swift */; };
		7ABEA0D02068DEDC009BD95C /* InputItemsCollectionViewCell.swift in Sources */ = {isa = PBXBuildFile; fileRef = 7ABEA0CF2068DEDC009BD95C /* InputItemsCollectionViewCell.swift */; };
		7AEF0A29218C3914003D0869 /* DynamicCollectionViewController.swift in Sources */ = {isa = PBXBuildFile; fileRef = 7AEF0A28218C3914003D0869 /* DynamicCollectionViewController.swift */; };
		7AEF0A2C218C6F49003D0869 /* CompositeImageViewController.swift in Sources */ = {isa = PBXBuildFile; fileRef = 7AEF0A2A218C6F49003D0869 /* CompositeImageViewController.swift */; };
/* End PBXBuildFile section */

/* Begin PBXFileReference section */
		7A4EC2AB2040356800BBA338 /* EmojiArt.app */ = {isa = PBXFileReference; explicitFileType = wrapper.application; includeInIndex = 0; path = EmojiArt.app; sourceTree = BUILT_PRODUCTS_DIR; };
		7A4EC2AE2040356900BBA338 /* AppDelegate.swift */ = {isa = PBXFileReference; lastKnownFileType = sourcecode.swift; path = AppDelegate.swift; sourceTree = "<group>"; };
		7A4EC2B02040356900BBA338 /* ViewController.swift */ = {isa = PBXFileReference; lastKnownFileType = sourcecode.swift; path = ViewController.swift; sourceTree = "<group>"; };
		7A4EC2B32040356900BBA338 /* Base */ = {isa = PBXFileReference; lastKnownFileType = file.storyboard; name = Base; path = Base.lproj/Main.storyboard; sourceTree = "<group>"; };
		7A4EC2B52040356900BBA338 /* Assets.xcassets */ = {isa = PBXFileReference; lastKnownFileType = folder.assetcatalog; path = Assets.xcassets; sourceTree = "<group>"; };
		7A4EC2B82040356900BBA338 /* Base */ = {isa = PBXFileReference; lastKnownFileType = file.storyboard; name = Base; path = Base.lproj/LaunchScreen.storyboard; sourceTree = "<group>"; };
		7A4EC2BA2040356900BBA338 /* Info.plist */ = {isa = PBXFileReference; lastKnownFileType = text.plist.xml; path = Info.plist; sourceTree = "<group>"; };
		7A4EC2C120403C4300BBA338 /* BackgroundView.swift */ = {isa = PBXFileReference; lastKnownFileType = sourcecode.swift; path = BackgroundView.swift; sourceTree = "<group>"; };
		7A4EC2C320404ABF00BBA338 /* EmojiDocumentsTableViewController.swift */ = {isa = PBXFileReference; lastKnownFileType = sourcecode.swift; path = EmojiDocumentsTableViewController.swift; sourceTree = "<group>"; };
		7A4EC2C72043EDF200BBA338 /* DynamicCollectionViewCell.swift */ = {isa = PBXFileReference; lastKnownFileType = sourcecode.swift; path = DynamicCollectionViewCell.swift; sourceTree = "<group>"; };
		7ABEA0CF2068DEDC009BD95C /* InputItemsCollectionViewCell.swift */ = {isa = PBXFileReference; lastKnownFileType = sourcecode.swift; path = InputItemsCollectionViewCell.swift; sourceTree = "<group>"; };
		7AEF0A28218C3914003D0869 /* DynamicCollectionViewController.swift */ = {isa = PBXFileReference; lastKnownFileType = sourcecode.swift; path = DynamicCollectionViewController.swift; sourceTree = "<group>"; };
		7AEF0A2A218C6F49003D0869 /* CompositeImageViewController.swift */ = {isa = PBXFileReference; lastKnownFileType = sourcecode.swift; path = CompositeImageViewController.swift; sourceTree = "<group>"; };
/* End PBXFileReference section */

/* Begin PBXFrameworksBuildPhase section */
		7A4EC2A82040356800BBA338 /* Frameworks */ = {
			isa = PBXFrameworksBuildPhase;
			buildActionMask = 2147483647;
			files = (
			);
			runOnlyForDeploymentPostprocessing = 0;
		};
/* End PBXFrameworksBuildPhase section */

/* Begin PBXGroup section */
		7A4EC2A22040356800BBA338 = {
			isa = PBXGroup;
			children = (
				7A4EC2AD2040356800BBA338 /* EmojiArt */,
				7A4EC2AC2040356800BBA338 /* Products */,
			);
			sourceTree = "<group>";
		};
		7A4EC2AC2040356800BBA338 /* Products */ = {
			isa = PBXGroup;
			children = (
				7A4EC2AB2040356800BBA338 /* EmojiArt.app */,
			);
			name = Products;
			sourceTree = "<group>";
		};
		7A4EC2AD2040356800BBA338 /* EmojiArt */ = {
			isa = PBXGroup;
			children = (
				7A4EC2B22040356900BBA338 /* Main.storyboard */,
				7AEF0A2A218C6F49003D0869 /* CompositeImageViewController.swift */,
				7ABEA0CF2068DEDC009BD95C /* InputItemsCollectionViewCell.swift */,
				7A4EC2B02040356900BBA338 /* ViewController.swift */,
				7AEF0A28218C3914003D0869 /* DynamicCollectionViewController.swift */,
				7A4EC2C72043EDF200BBA338 /* DynamicCollectionViewCell.swift */,
				7A4EC2C320404ABF00BBA338 /* EmojiDocumentsTableViewController.swift */,
				7A4EC2C120403C4300BBA338 /* BackgroundView.swift */,
				7A4EC2BA2040356900BBA338 /* Info.plist */,
				7A4EC2C0204035FA00BBA338 /* Support Files */,
			);
			path = EmojiArt;
			sourceTree = "<group>";
		};
		7A4EC2C0204035FA00BBA338 /* Support Files */ = {
			isa = PBXGroup;
			children = (
				7A4EC2AE2040356900BBA338 /* AppDelegate.swift */,
				7A4EC2B52040356900BBA338 /* Assets.xcassets */,
				7A4EC2B72040356900BBA338 /* LaunchScreen.storyboard */,
			);
			path = "Support Files";
			sourceTree = "<group>";
		};
/* End PBXGroup section */

/* Begin PBXNativeTarget section */
		7A4EC2AA2040356800BBA338 /* EmojiArt */ = {
			isa = PBXNativeTarget;
			buildConfigurationList = 7A4EC2BD2040356900BBA338 /* Build configuration list for PBXNativeTarget "EmojiArt" */;
			buildPhases = (
				7A4EC2A72040356800BBA338 /* Sources */,
				7A4EC2A82040356800BBA338 /* Frameworks */,
				7A4EC2A92040356800BBA338 /* Resources */,
			);
			buildRules = (
			);
			dependencies = (
			);
			name = EmojiArt;
			productName = EmojiArt;
			productReference = 7A4EC2AB2040356800BBA338 /* EmojiArt.app */;
			productType = "com.apple.product-type.application";
		};
/* End PBXNativeTarget section */

/* Begin PBXProject section */
		7A4EC2A32040356800BBA338 /* Project object */ = {
			isa = PBXProject;
			attributes = {
				LastSwiftUpdateCheck = 0920;
				LastUpgradeCheck = 0930;
				ORGANIZATIONNAME = "Pavel Prokofyev";
				TargetAttributes = {
					7A4EC2AA2040356800BBA338 = {
						CreatedOnToolsVersion = 9.2;
						LastSwiftMigration = 1010;
						ProvisioningStyle = Automatic;
					};
				};
			};
			buildConfigurationList = 7A4EC2A62040356800BBA338 /* Build configuration list for PBXProject "EmojiArt" */;
			compatibilityVersion = "Xcode 8.0";
			developmentRegion = en;
			hasScannedForEncodings = 0;
			knownRegions = (
				en,
				Base,
			);
			mainGroup = 7A4EC2A22040356800BBA338;
			productRefGroup = 7A4EC2AC2040356800BBA338 /* Products */;
			projectDirPath = "";
			projectRoot = "";
			targets = (
				7A4EC2AA2040356800BBA338 /* EmojiArt */,
			);
		};
/* End PBXProject section */

/* Begin PBXResourcesBuildPhase section */
		7A4EC2A92040356800BBA338 /* Resources */ = {
			isa = PBXResourcesBuildPhase;
			buildActionMask = 2147483647;
			files = (
				7A4EC2B92040356900BBA338 /* LaunchScreen.storyboard in Resources */,
				7A4EC2B62040356900BBA338 /* Assets.xcassets in Resources */,
				7A4EC2B42040356900BBA338 /* Main.storyboard in Resources */,
			);
			runOnlyForDeploymentPostprocessing = 0;
		};
/* End PBXResourcesBuildPhase section */

/* Begin PBXSourcesBuildPhase section */
		7A4EC2A72040356800BBA338 /* Sources */ = {
			isa = PBXSourcesBuildPhase;
			buildActionMask = 2147483647;
			files = (
				7A4EC2C220403C4300BBA338 /* BackgroundView.swift in Sources */,
				7A4EC2C82043EDF200BBA338 /* DynamicCollectionViewCell.swift in Sources */,
				7AEF0A2C218C6F49003D0869 /* CompositeImageViewController.swift in Sources */,
				7ABEA0D02068DEDC009BD95C /* InputItemsCollectionViewCell.swift in Sources */,
				7A4EC2B12040356900BBA338 /* ViewController.swift in Sources */,
				7AEF0A29218C3914003D0869 /* DynamicCollectionViewController.swift in Sources */,
				7A4EC2AF2040356900BBA338 /* AppDelegate.swift in Sources */,
				7A4EC2C420404ABF00BBA338 /* EmojiDocumentsTableViewController.swift in Sources */,
			);
			runOnlyForDeploymentPostprocessing = 0;
		};
/* End PBXSourcesBuildPhase section */

/* Begin PBXVariantGroup section */
		7A4EC2B22040356900BBA338 /* Main.storyboard */ = {
			isa = PBXVariantGroup;
			children = (
				7A4EC2B32040356900BBA338 /* Base */,
			);
			name = Main.storyboard;
			sourceTree = "<group>";
		};
		7A4EC2B72040356900BBA338 /* LaunchScreen.storyboard */ = {
			isa = PBXVariantGroup;
			children = (
				7A4EC2B82040356900BBA338 /* Base */,
			);
			name = LaunchScreen.storyboard;
			sourceTree = "<group>";
		};
/* End PBXVariantGroup section */

/* Begin XCBuildConfiguration section */
		7A4EC2BB2040356900BBA338 /* Debug */ = {
			isa = XCBuildConfiguration;
			buildSettings = {
				ALWAYS_SEARCH_USER_PATHS = NO;
				CLANG_ANALYZER_NONNULL = YES;
				CLANG_ANALYZER_NUMBER_OBJECT_CONVERSION = YES_AGGRESSIVE;
				CLANG_CXX_LANGUAGE_STANDARD = "gnu++14";
				CLANG_CXX_LIBRARY = "libc++";
				CLANG_ENABLE_MODULES = YES;
				CLANG_ENABLE_OBJC_ARC = YES;
				CLANG_WARN_BLOCK_CAPTURE_AUTORELEASING = YES;
				CLANG_WARN_BOOL_CONVERSION = YES;
				CLANG_WARN_COMMA = YES;
				CLANG_WARN_CONSTANT_CONVERSION = YES;
				CLANG_WARN_DEPRECATED_OBJC_IMPLEMENTATIONS = YES;
				CLANG_WARN_DIRECT_OBJC_ISA_USAGE = YES_ERROR;
				CLANG_WARN_DOCUMENTATION_COMMENTS = YES;
				CLANG_WARN_EMPTY_BODY = YES;
				CLANG_WARN_ENUM_CONVERSION = YES;
				CLANG_WARN_INFINITE_RECURSION = YES;
				CLANG_WARN_INT_CONVERSION = YES;
				CLANG_WARN_NON_LITERAL_NULL_CONVERSION = YES;
				CLANG_WARN_OBJC_IMPLICIT_RETAIN_SELF = YES;
				CLANG_WARN_OBJC_LITERAL_CONVERSION = YES;
				CLANG_WARN_OBJC_ROOT_CLASS = YES_ERROR;
				CLANG_WARN_RANGE_LOOP_ANALYSIS = YES;
				CLANG_WARN_STRICT_PROTOTYPES = YES;
				CLANG_WARN_SUSPICIOUS_MOVE = YES;
				CLANG_WARN_UNGUARDED_AVAILABILITY = YES_AGGRESSIVE;
				CLANG_WARN_UNREACHABLE_CODE = YES;
				CLANG_WARN__DUPLICATE_METHOD_MATCH = YES;
				CODE_SIGN_IDENTITY = "iPhone Developer";
				COPY_PHASE_STRIP = NO;
				DEBUG_INFORMATION_FORMAT = dwarf;
				ENABLE_STRICT_OBJC_MSGSEND = YES;
				ENABLE_TESTABILITY = YES;
				GCC_C_LANGUAGE_STANDARD = gnu11;
				GCC_DYNAMIC_NO_PIC = NO;
				GCC_NO_COMMON_BLOCKS = YES;
				GCC_OPTIMIZATION_LEVEL = 0;
				GCC_PREPROCESSOR_DEFINITIONS = (
					"DEBUG=1",
					"$(inherited)",
				);
				GCC_WARN_64_TO_32_BIT_CONVERSION = YES;
				GCC_WARN_ABOUT_RETURN_TYPE = YES_ERROR;
				GCC_WARN_UNDECLARED_SELECTOR = YES;
				GCC_WARN_UNINITIALIZED_AUTOS = YES_AGGRESSIVE;
				GCC_WARN_UNUSED_FUNCTION = YES;
				GCC_WARN_UNUSED_VARIABLE = YES;
				IPHONEOS_DEPLOYMENT_TARGET = 11.2;
				MTL_ENABLE_DEBUG_INFO = YES;
				ONLY_ACTIVE_ARCH = YES;
				SDKROOT = iphoneos;
				SWIFT_ACTIVE_COMPILATION_CONDITIONS = DEBUG;
				SWIFT_OPTIMIZATION_LEVEL = "-Onone";
			};
			name = Debug;
		};
		7A4EC2BC2040356900BBA338 /* Release */ = {
			isa = XCBuildConfiguration;
			buildSettings = {
				ALWAYS_SEARCH_USER_PATHS = NO;
				CLANG_ANALYZER_NONNULL = YES;
				CLANG_ANALYZER_NUMBER_OBJECT_CONVERSION = YES_AGGRESSIVE;
				CLANG_CXX_LANGUAGE_STANDARD = "gnu++14";
				CLANG_CXX_LIBRARY = "libc++";
				CLANG_ENABLE_MODULES = YES;
				CLANG_ENABLE_OBJC_ARC = YES;
				CLANG_WARN_BLOCK_CAPTURE_AUTORELEASING = YES;
				CLANG_WARN_BOOL_CONVERSION = YES;
				CLANG_WARN_COMMA = YES;
				CLANG_WARN_CONSTANT_CONVERSION = YES;
				CLANG_WARN_DEPRECATED_OBJC_IMPLEMENTATIONS = YES;
				CLANG_WARN_DIRECT_OBJC_ISA_USAGE = YES_ERROR;
				CLANG_WARN_DOCUMENTATION_COMMENTS = YES;
				CLANG_WARN_EMPTY_BODY = YES;
				CLANG_WARN_ENUM_CONVERSION = YES;
				CLANG_WARN_INFINITE_RECURSION = YES;
				CLANG_WARN_INT_CONVERSION = YES;
				CLANG_WARN_NON_LITERAL_NULL_CONVERSION = YES;
				CLANG_WARN_OBJC_IMPLICIT_RETAIN_SELF = YES;
				CLANG_WARN_OBJC_LITERAL_CONVERSION = YES;
				CLANG_WARN_OBJC_ROOT_CLASS = YES_ERROR;
				CLANG_WARN_RANGE_LOOP_ANALYSIS = YES;
				CLANG_WARN_STRICT_PROTOTYPES = YES;
				CLANG_WARN_SUSPICIOUS_MOVE = YES;
				CLANG_WARN_UNGUARDED_AVAILABILITY = YES_AGGRESSIVE;
				CLANG_WARN_UNREACHABLE_CODE = YES;
				CLANG_WARN__DUPLICATE_METHOD_MATCH = YES;
				CODE_SIGN_IDENTITY = "iPhone Developer";
				COPY_PHASE_STRIP = NO;
				DEBUG_INFORMATION_FORMAT = "dwarf-with-dsym";
				ENABLE_NS_ASSERTIONS = NO;
				ENABLE_STRICT_OBJC_MSGSEND = YES;
				GCC_C_LANGUAGE_STANDARD = gnu11;
				GCC_NO_COMMON_BLOCKS = YES;
				GCC_WARN_64_TO_32_BIT_CONVERSION = YES;
				GCC_WARN_ABOUT_RETURN_TYPE = YES_ERROR;
				GCC_WARN_UNDECLARED_SELECTOR = YES;
				GCC_WARN_UNINITIALIZED_AUTOS = YES_AGGRESSIVE;
				GCC_WARN_UNUSED_FUNCTION = YES;
				GCC_WARN_UNUSED_VARIABLE = YES;
				IPHONEOS_DEPLOYMENT_TARGET = 11.2;
				MTL_ENABLE_DEBUG_INFO = NO;
				SDKROOT = iphoneos;
				SWIFT_OPTIMIZATION_LEVEL = "-Owholemodule";
				VALIDATE_PRODUCT = YES;
			};
			name = Release;
		};
		7A4EC2BE2040356900BBA338 /* Debug */ = {
			isa = XCBuildConfiguration;
			buildSettings = {
				ASSETCATALOG_COMPILER_APPICON_NAME = AppIcon;
				CODE_SIGN_STYLE = Automatic;
				DEVELOPMENT_TEAM = VJ9QDXBTX6;
				INFOPLIST_FILE = EmojiArt/Info.plist;
				LD_RUNPATH_SEARCH_PATHS = "$(inherited) @executable_path/Frameworks";
				PRODUCT_BUNDLE_IDENTIFIER = com.pavelprokofyev.EmojiArt;
				PRODUCT_NAME = "$(TARGET_NAME)";
				SWIFT_VERSION = 4.2;
				TARGETED_DEVICE_FAMILY = 2;
			};
			name = Debug;
		};
		7A4EC2BF2040356900BBA338 /* Release */ = {
			isa = XCBuildConfiguration;
			buildSettings = {
				ASSETCATALOG_COMPILER_APPICON_NAME = AppIcon;
				CODE_SIGN_STYLE = Automatic;
				DEVELOPMENT_TEAM = VJ9QDXBTX6;
				INFOPLIST_FILE = EmojiArt/Info.plist;
				LD_RUNPATH_SEARCH_PATHS = "$(inherited) @executable_path/Frameworks";
				PRODUCT_BUNDLE_IDENTIFIER = com.pavelprokofyev.EmojiArt;
				PRODUCT_NAME = "$(TARGET_NAME)";
				SWIFT_VERSION = 4.2;
				TARGETED_DEVICE_FAMILY = 2;
			};
			name = Release;
		};
/* End XCBuildConfiguration section */

/* Begin XCConfigurationList section */
		7A4EC2A62040356800BBA338 /* Build configuration list for PBXProject "EmojiArt" */ = {
			isa = XCConfigurationList;
			buildConfigurations = (
				7A4EC2BB2040356900BBA338 /* Debug */,
				7A4EC2BC2040356900BBA338 /* Release */,
			);
			defaultConfigurationIsVisible = 0;
			defaultConfigurationName = Release;
		};
		7A4EC2BD2040356900BBA338 /* Build configuration list for PBXNativeTarget "EmojiArt" */ = {
			isa = XCConfigurationList;
			buildConfigurations = (
				7A4EC2BE2040356900BBA338 /* Debug */,
				7A4EC2BF2040356900BBA338 /* Release */,
			);
			defaultConfigurationIsVisible = 0;
			defaultConfigurationName = Release;
		};
/* End XCConfigurationList section */
	};
	rootObject = 7A4EC2A32040356800BBA338 /* Project object */;
}
